{
  "lockfileVersion": 2,
  "configVersion": 1,
  "workspaces": {
    "": {
      "name": "document-extraction-scorer",
      "dependencies": {
        "json-diff": "^1.0.6",
      },
      "devDependencies": {
        "@types/node": "^22.10.0",
        "typescript": "^5.7.0",
      },
    },
  },
  "packages": {
    "@ewoudenberg/difflib": ["@ewoudenberg/difflib@0.1.0", "", { "dependencies": { "heap": ">= 0.2.0" } }, "sha512-OU5P5mJyD3OoWYMWY+yIgwvgNS9cFAU10f+DDuvtogcWQOoJIsQ4Hy2McSfUfhKjq8L0FuWVb4Rt7kgA+XK86A=="],

    "@types/node": ["@types/node@22.20.4", "", { "dependencies": { "undici-types": "~6.21.0" } }, "sha512-zJRE40jpHtKqE/C4fgHrAKQLJuSpzEnP9ff9Y7YtoR3Wd2pwqzlekDeEuUQXjRd+QCYnVnNwuJYmhdk9XV8gvA=="],

    "colors": ["colors@1.4.0", "", {}, "sha512-a+UqTh4kgZg/SlGvfbzDHpgRu7AAQOmmqRHJnxhRZICKFUT91brVhNNt58CMWU9PsBbv3PDCZUHbVxuDiH2mtA=="],

    "dreamopt": ["dreamopt@0.8.0", "", { "dependencies": { "wordwrap": ">=0.0.2" } }, "sha512-vyJTp8+mC+G+5dfgsY+r3ckxlz+QMX40VjPQsZc5gxVAxLmi64TBoVkP54A/pRAXMXsbu2GMMBrZPxNv23waMg=="],

    "heap": ["heap@0.2.7", "", {}, "sha512-2bsegYkkHO+h/9MGbn6KWcE45cHZgPANo5LXF7EvWdT0yT2EguSVO1nDgU5c8+ZOPwp2vMNa7YFsJhVcDR9Sdg=="],

    "json-diff": ["json-diff@1.0.6", "", { "dependencies": { "@ewoudenberg/difflib": "0.1.0", "colors": "^1.4.0", "dreamopt": "~0.8.0" }, "bin": { "json-diff": "bin/json-diff.js" } }, "sha512-tcFIPRdlc35YkYdGxcamJjllUhXWv4n2rK9oJ2RsAzV4FBkuV4ojKEDgcZ+kpKxDmJKv+PFK65+1tVVOnSeEqA=="],

    "typescript": ["typescript@5.9.3", "", { "bin": { "tsc": "bin/tsc", "tsserver": "bin/tsserver" } }, "sha512-jl1vZzPDinLr9eUt3J/t7V6FgNEw9QjvBPdysz9KfQDD41fQrC2Y4vKQdiaUpFT4bXlb1RHhLpp8wtm6M5TgSw=="],

    "undici-types": ["undici-types@6.21.0", "", {}, "sha512-iwDZqg0QAGrg9Rav5H4n0M64c3mkR59cJ6wQp+7C4nI0gsmExaedaYLNO44eT4AtBBwjbTiGPMlt2Md0T9H9JQ=="],

    "wordwrap": ["wordwrap@1.0.0", "", {}, "sha512-gvVzJFlPycKc5dZN4yPkP8w7Dc37BtP1yczEneOb4uq34pXZcvrtRTmWV8W+Ume+XCxKgbjM+nevkyFPMybd4Q=="],
  }
}
